
Microsoft Visual Studio Solution File, Format Version 12.00
# Visual Studio Version 17
VisualStudioVersion = 17.2.32414.248
MinimumVisualStudioVersion = 10.0.40219.1
Project("{FAE04EC0-301F-11D3-BF4B-00C04F79EFBC}") = "LAb4", "LAb4\LAb4.csproj", "{74FDD791-5EC5-4582-92AA-90E75E9E6B70}"
EndProject
Global
	GlobalSection(SolutionConfigurationPlatforms) = preSolution
		Debug|Any CPU = Debug|Any CPU
		Release|Any CPU = Release|Any CPU
	EndGlobalSection
	GlobalSection(ProjectConfigurationPlatforms) = postSolution
		{74FDD791-5EC5-4582-92AA-90E75E9E6B70}.Debug|Any CPU.ActiveCfg = Debug|Any CPU
		{74FDD791-5EC5-4582-92AA-90E75E9E6B70}.Debug|Any CPU.Build.0 = Debug|Any CPU
		{74FDD791-5EC5-4582-92AA-90E75E9E6B70}.Release|Any CPU.ActiveCfg = Release|Any CPU
		{74FDD791-5EC5-4582-92AA-90E75E9E6B70}.Release|Any CPU.Build.0 = Release|Any CPU
	EndGlobalSection
	GlobalSection(SolutionProperties) = preSolution
		HideSolutionNode = FALSE
	EndGlobalSection
	GlobalSection(ExtensibilityGlobals) = postSolution
		SolutionGuid = {FF0374DE-9CA8-415E-88AF-CAC550499940}
	EndGlobalSection
EndGlobal
